// !$*UTF8*$!
{
	archiveVersion = 1;
	classes = {
	};
	objectVersion = 46;
	objects = {

/* Begin PBXBuildFile section */
		219418A41B43D747002328E3 /* main.m in Sources */ = {isa = PBXBuildFile; fileRef = 219418A31B43D747002328E3 /* main.m */; };
		219418A71B43D747002328E3 /* AppDelegate.m in Sources */ = {isa = PBXBuildFile; fileRef = 219418A61B43D747002328E3 /* AppDelegate.m */; };
		219418AA1B43D747002328E3 /* ViewController.m in Sources */ = {isa = PBXBuildFile; fileRef = 219418A91B43D747002328E3 /* ViewController.m */; };
		219418AD1B43D747002328E3 /* Main.storyboard in Resources */ = {isa = PBXBuildFile; fileRef = 219418AB1B43D747002328E3 /* Main.storyboard */; };
		219418AF1B43D747002328E3 /* Images.xcassets in Resources */ = {isa = PBXBuildFile; fileRef = 219418AE1B43D747002328E3 /* Images.xcassets */; };
		219418B21B43D747002328E3 /* LaunchScreen.xib in Resources */ = {isa = PBXBuildFile; fileRef = 219418B01B43D747002328E3 /* LaunchScreen.xib */; };
		219418BE1B43D747002328E3 /* ____Tests.m in Sources */ = {isa = PBXBuildFile; fileRef = 219418BD1B43D747002328E3 /* ____Tests.m */; };
		219418C91B43E7E4002328E3 /* SPTreeView.m in Sources */ = {isa = PBXBuildFile; fileRef = 219418C81B43E7E4002328E3 /* SPTreeView.m */; };
/* End PBXBuildFile section */

/* Begin PBXContainerItemProxy section */
		219418B81B43D747002328E3 /* PBXContainerItemProxy */ = {
			isa = PBXContainerItemProxy;
			containerPortal = 219418961B43D747002328E3 /* Project object */;
			proxyType = 1;
			remoteGlobalIDString = 2194189D1B43D747002328E3;
			remoteInfo = "多级列表";
		};
/* End PBXContainerItemProxy section */

/* Begin PBXFileReference section */
		2194189E1B43D747002328E3 /* 多级列表.app */ = {isa = PBXFileReference; explicitFileType = wrapper.application; includeInIndex = 0; path = "多级列表.app"; sourceTree = BUILT_PRODUCTS_DIR; };
		219418A21B43D747002328E3 /* Info.plist */ = {isa = PBXFileReference; lastKnownFileType = text.plist.xml; path = Info.plist; sourceTree = "<group>"; };
		219418A31B43D747002328E3 /* main.m */ = {isa = PBXFileReference; lastKnownFileType = sourcecode.c.objc; path = main.m; sourceTree = "<group>"; };
		219418A51B43D747002328E3 /* AppDelegate.h */ = {isa = PBXFileReference; lastKnownFileType = sourcecode.c.h; path = AppDelegate.h; sourceTree = "<group>"; };
		219418A61B43D747002328E3 /* AppDelegate.m */ = {isa = PBXFileReference; lastKnownFileType = sourcecode.c.objc; path = AppDelegate.m; sourceTree = "<group>"; };
		219418A81B43D747002328E3 /* ViewController.h */ = {isa = PBXFileReference; lastKnownFileType = sourcecode.c.h; path = ViewController.h; sourceTree = "<group>"; };
		219418A91B43D747002328E3 /* ViewController.m */ = {isa = PBXFileReference; lastKnownFileType = sourcecode.c.objc; path = ViewController.m; sourceTree = "<group>"; };
		219418AC1B43D747002328E3 /* Base */ = {isa = PBXFileReference; lastKnownFileType = file.storyboard; name = Base; path = Base.lproj/Main.storyboard; sourceTree = "<group>"; };
		219418AE1B43D747002328E3 /* Images.xcassets */ = {isa = PBXFileReference; lastKnownFileType = folder.assetcatalog; path = Images.xcassets; sourceTree = "<group>"; };
		219418B11B43D747002328E3 /* Base */ = {isa = PBXFileReference; lastKnownFileType = file.xib; name = Base; path = Base.lproj/LaunchScreen.xib; sourceTree = "<group>"; };
		219418B71B43D747002328E3 /* 多级列表Tests.xctest */ = {isa = PBXFileReference; explicitFileType = wrapper.cfbundle; includeInIndex = 0; path = "多级列表Tests.xctest"; sourceTree = BUILT_PRODUCTS_DIR; };
		219418BC1B43D747002328E3 /* Info.plist */ = {isa = PBXFileReference; lastKnownFileType = text.plist.xml; path = Info.plist; sourceTree = "<group>"; };
		219418BD1B43D747002328E3 /* ____Tests.m */ = {isa = PBXFileReference; lastKnownFileType = sourcecode.c.objc; path = "____Tests.m"; sourceTree = "<group>"; };
		219418C71B43E7E4002328E3 /* SPTreeView.h */ = {isa = PBXFileReference; fileEncoding = 4; lastKnownFileType = sourcecode.c.h; path = SPTreeView.h; sourceTree = "<group>"; };
		219418C81B43E7E4002328E3 /* SPTreeView.m */ = {isa = PBXFileReference; fileEncoding = 4; lastKnownFileType = sourcecode.c.objc; path = SPTreeView.m; sourceTree = "<group>"; };
/* End PBXFileReference section */

/* Begin PBXFrameworksBuildPhase section */
		2194189B1B43D747002328E3 /* Frameworks */ = {
			isa = PBXFrameworksBuildPhase;
			buildActionMask = 2147483647;
			files = (
			);
			runOnlyForDeploymentPostprocessing = 0;
		};
		219418B41B43D747002328E3 /* Frameworks */ = {
			isa = PBXFrameworksBuildPhase;
			buildActionMask = 2147483647;
			files = (
			);
			runOnlyForDeploymentPostprocessing = 0;
		};
/* End PBXFrameworksBuildPhase section */

/* Begin PBXGroup section */
		219418951B43D747002328E3 = {
			isa = PBXGroup;
			children = (
				219418A01B43D747002328E3 /* 多级列表 */,
				219418BA1B43D747002328E3 /* 多级列表Tests */,
				2194189F1B43D747002328E3 /* Products */,
			);
			sourceTree = "<group>";
		};
		2194189F1B43D747002328E3 /* Products */ = {
			isa = PBXGroup;
			children = (
				2194189E1B43D747002328E3 /* 多级列表.app */,
				219418B71B43D747002328E3 /* 多级列表Tests.xctest */,
			);
			name = Products;
			sourceTree = "<group>";
		};
		219418A01B43D747002328E3 /* 多级列表 */ = {
			isa = PBXGroup;
			children = (
				219418A51B43D747002328E3 /* AppDelegate.h */,
				219418A61B43D747002328E3 /* AppDelegate.m */,
				219418A81B43D747002328E3 /* ViewController.h */,
				219418A91B43D747002328E3 /* ViewController.m */,
				219418AB1B43D747002328E3 /* Main.storyboard */,
				219418AE1B43D747002328E3 /* Images.xcassets */,
				219418B01B43D747002328E3 /* LaunchScreen.xib */,
				219418A11B43D747002328E3 /* Supporting Files */,
				219418C71B43E7E4002328E3 /* SPTreeView.h */,
				219418C81B43E7E4002328E3 /* SPTreeView.m */,
			);
			path = "多级列表";
			sourceTree = "<group>";
		};
		219418A11B43D747002328E3 /* Supporting Files */ = {
			isa = PBXGroup;
			children = (
				219418A21B43D747002328E3 /* Info.plist */,
				219418A31B43D747002328E3 /* main.m */,
			);
			name = "Supporting Files";
			sourceTree = "<group>";
		};
		219418BA1B43D747002328E3 /* 多级列表Tests */ = {
			isa = PBXGroup;
			children = (
				219418BD1B43D747002328E3 /* ____Tests.m */,
				219418BB1B43D747002328E3 /* Supporting Files */,
			);
			path = "多级列表Tests";
			sourceTree = "<group>";
		};
		219418BB1B43D747002328E3 /* Supporting Files */ = {
			isa = PBXGroup;
			children = (
				219418BC1B43D747002328E3 /* Info.plist */,
			);
			name = "Supporting Files";
			sourceTree = "<group>";
		};
/* End PBXGroup section */

/* Begin PBXNativeTarget section */
		2194189D1B43D747002328E3 /* 多级列表 */ = {
			isa = PBXNativeTarget;
			buildConfigurationList = 219418C11B43D747002328E3 /* Build configuration list for PBXNativeTarget "多级列表" */;
			buildPhases = (
				2194189A1B43D747002328E3 /* Sources */,
				2194189B1B43D747002328E3 /* Frameworks */,
				2194189C1B43D747002328E3 /* Resources */,
			);
			buildRules = (
			);
			dependencies = (
			);
			name = "多级列表";
			productName = "多级列表";
			productReference = 2194189E1B43D747002328E3 /* 多级列表.app */;
			productType = "com.apple.product-type.application";
		};
		219418B61B43D747002328E3 /* 多级列表Tests */ = {
			isa = PBXNativeTarget;
			buildConfigurationList = 219418C41B43D747002328E3 /* Build configuration list for PBXNativeTarget "多级列表Tests" */;
			buildPhases = (
				219418B31B43D747002328E3 /* Sources */,
				219418B41B43D747002328E3 /* Frameworks */,
				219418B51B43D747002328E3 /* Resources */,
			);
			buildRules = (
			);
			dependencies = (
				219418B91B43D747002328E3 /* PBXTargetDependency */,
			);
			name = "多级列表Tests";
			productName = "多级列表Tests";
			productReference = 219418B71B43D747002328E3 /* 多级列表Tests.xctest */;
			productType = "com.apple.product-type.bundle.unit-test";
		};
/* End PBXNativeTarget section */

/* Begin PBXProject section */
		219418961B43D747002328E3 /* Project object */ = {
			isa = PBXProject;
			attributes = {
				LastUpgradeCheck = 0640;
				ORGANIZATIONNAME = BiliSu;
				TargetAttributes = {
					2194189D1B43D747002328E3 = {
						CreatedOnToolsVersion = 6.4;
					};
					219418B61B43D747002328E3 = {
						CreatedOnToolsVersion = 6.4;
						TestTargetID = 2194189D1B43D747002328E3;
					};
				};
			};
			buildConfigurationList = 219418991B43D747002328E3 /* Build configuration list for PBXProject "多级列表" */;
			compatibilityVersion = "Xcode 3.2";
			developmentRegion = English;
			hasScannedForEncodings = 0;
			knownRegions = (
				en,
				Base,
			);
			mainGroup = 219418951B43D747002328E3;
			productRefGroup = 2194189F1B43D747002328E3 /* Products */;
			projectDirPath = "";
			projectRoot = "";
			targets = (
				2194189D1B43D747002328E3 /* 多级列表 */,
				219418B61B43D747002328E3 /* 多级列表Tests */,
			);
		};
/* End PBXProject section */

/* Begin PBXResourcesBuildPhase section */
		2194189C1B43D747002328E3 /* Resources */ = {
			isa = PBXResourcesBuildPhase;
			buildActionMask = 2147483647;
			files = (
				219418AD1B43D747002328E3 /* Main.storyboard in Resources */,
				219418B21B43D747002328E3 /* LaunchScreen.xib in Resources */,
				219418AF1B43D747002328E3 /* Images.xcassets in Resources */,
			);
			runOnlyForDeploymentPostprocessing = 0;
		};
		219418B51B43D747002328E3 /* Resources */ = {
			isa = PBXResourcesBuildPhase;
			buildActionMask = 2147483647;
			files = (
			);
			runOnlyForDeploymentPostprocessing = 0;
		};
/* End PBXResourcesBuildPhase section */

/* Begin PBXSourcesBuildPhase section */
		2194189A1B43D747002328E3 /* Sources */ = {
			isa = PBXSourcesBuildPhase;
			buildActionMask = 2147483647;
			files = (
				219418AA1B43D747002328E3 /* ViewController.m in Sources */,
				219418C91B43E7E4002328E3 /* SPTreeView.m in Sources */,
				219418A71B43D747002328E3 /* AppDelegate.m in Sources */,
				219418A41B43D747002328E3 /* main.m in Sources */,
			);
			runOnlyForDeploymentPostprocessing = 0;
		};
		219418B31B43D747002328E3 /* Sources */ = {
			isa = PBXSourcesBuildPhase;
			buildActionMask = 2147483647;
			files = (
				219418BE1B43D747002328E3 /* ____Tests.m in Sources */,
			);
			runOnlyForDeploymentPostprocessing = 0;
		};
/* End PBXSourcesBuildPhase section */

/* Begin PBXTargetDependency section */
		219418B91B43D747002328E3 /* PBXTargetDependency */ = {
			isa = PBXTargetDependency;
			target = 2194189D1B43D747002328E3 /* 多级列表 */;
			targetProxy = 219418B81B43D747002328E3 /* PBXContainerItemProxy */;
		};
/* End PBXTargetDependency section */

/* Begin PBXVariantGroup section */
		219418AB1B43D747002328E3 /* Main.storyboard */ = {
			isa = PBXVariantGroup;
			children = (
				219418AC1B43D747002328E3 /* Base */,
			);
			name = Main.storyboard;
			sourceTree = "<group>";
		};
		219418B01B43D747002328E3 /* LaunchScreen.xib */ = {
			isa = PBXVariantGroup;
			children = (
				219418B11B43D747002328E3 /* Base */,
			);
			name = LaunchScreen.xib;
			sourceTree = "<group>";
		};
/* End PBXVariantGroup section */

/* Begin XCBuildConfiguration section */
		219418BF1B43D747002328E3 /* Debug */ = {
			isa = XCBuildConfiguration;
			buildSettings = {
				ALWAYS_SEARCH_USER_PATHS = NO;
				CLANG_CXX_LANGUAGE_STANDARD = "gnu++0x";
				CLANG_CXX_LIBRARY = "libc++";
				CLANG_ENABLE_MODULES = YES;
				CLANG_ENABLE_OBJC_ARC = YES;
				CLANG_WARN_BOOL_CONVERSION = YES;
				CLANG_WARN_CONSTANT_CONVERSION = YES;
				CLANG_WARN_DIRECT_OBJC_ISA_USAGE = YES_ERROR;
				CLANG_WARN_EMPTY_BODY = YES;
				CLANG_WARN_ENUM_CONVERSION = YES;
				CLANG_WARN_INT_CONVERSION = YES;
				CLANG_WARN_OBJC_ROOT_CLASS = YES_ERROR;
				CLANG_WARN_UNREACHABLE_CODE = YES;
				CLANG_WARN__DUPLICATE_METHOD_MATCH = YES;
				"CODE_SIGN_IDENTITY[sdk=iphoneos*]" = "iPhone Developer";
				COPY_PHASE_STRIP = NO;
				DEBUG_INFORMATION_FORMAT = "dwarf-with-dsym";
				ENABLE_STRICT_OBJC_MSGSEND = YES;
				GCC_C_LANGUAGE_STANDARD = gnu99;
				GCC_DYNAMIC_NO_PIC = NO;
				GCC_NO_COMMON_BLOCKS = YES;
				GCC_OPTIMIZATION_LEVEL = 0;
				GCC_PREPROCESSOR_DEFINITIONS = (
					"DEBUG=1",
					"$(inherited)",
				);
				GCC_SYMBOLS_PRIVATE_EXTERN = NO;
				GCC_WARN_64_TO_32_BIT_CONVERSION = YES;
				GCC_WARN_ABOUT_RETURN_TYPE = YES_ERROR;
				GCC_WARN_UNDECLARED_SELECTOR = YES;
				GCC_WARN_UNINITIALIZED_AUTOS = YES_AGGRESSIVE;
				GCC_WARN_UNUSED_FUNCTION = YES;
				GCC_WARN_UNUSED_VARIABLE = YES;
				IPHONEOS_DEPLOYMENT_TARGET = 8.4;
				MTL_ENABLE_DEBUG_INFO = YES;
				ONLY_ACTIVE_ARCH = YES;
				SDKROOT = iphoneos;
			};
			name = Debug;
		};
		219418C01B43D747002328E3 /* Release */ = {
			isa = XCBuildConfiguration;
			buildSettings = {
				ALWAYS_SEARCH_USER_PATHS = NO;
				CLANG_CXX_LANGUAGE_STANDARD = "gnu++0x";
				CLANG_CXX_LIBRARY = "libc++";
				CLANG_ENABLE_MODULES = YES;
				CLANG_ENABLE_OBJC_ARC = YES;
				CLANG_WARN_BOOL_CONVERSION = YES;
				CLANG_WARN_CONSTANT_CONVERSION = YES;
				CLANG_WARN_DIRECT_OBJC_ISA_USAGE = YES_ERROR;
				CLANG_WARN_EMPTY_BODY = YES;
				CLANG_WARN_ENUM_CONVERSION = YES;
				CLANG_WARN_INT_CONVERSION = YES;
				CLANG_WARN_OBJC_ROOT_CLASS = YES_ERROR;
				CLANG_WARN_UNREACHABLE_CODE = YES;
				CLANG_WARN__DUPLICATE_METHOD_MATCH = YES;
				"CODE_SIGN_IDENTITY[sdk=iphoneos*]" = "iPhone Developer";
				COPY_PHASE_STRIP = NO;
				DEBUG_INFORMATION_FORMAT = "dwarf-with-dsym";
				ENABLE_NS_ASSERTIONS = NO;
				ENABLE_STRICT_OBJC_MSGSEND = YES;
				GCC_C_LANGUAGE_STANDARD = gnu99;
				GCC_NO_COMMON_BLOCKS = YES;
				GCC_WARN_64_TO_32_BIT_CONVERSION = YES;
				GCC_WARN_ABOUT_RETURN_TYPE = YES_ERROR;
				GCC_WARN_UNDECLARED_SELECTOR = YES;
				GCC_WARN_UNINITIALIZED_AUTOS = YES_AGGRESSIVE;
				GCC_WARN_UNUSED_FUNCTION = YES;
				GCC_WARN_UNUSED_VARIABLE = YES;
				IPHONEOS_DEPLOYMENT_TARGET = 8.4;
				MTL_ENABLE_DEBUG_INFO = NO;
				SDKROOT = iphoneos;
				VALIDATE_PRODUCT = YES;
			};
			name = Release;
		};
		219418C21B43D747002328E3 /* Debug */ = {
			isa = XCBuildConfiguration;
			buildSettings = {
				ASSETCATALOG_COMPILER_APPICON_NAME = AppIcon;
				INFOPLIST_FILE = "多级列表/Info.plist";
				LD_RUNPATH_SEARCH_PATHS = "$(inherited) @executable_path/Frameworks";
				PRODUCT_NAME = "$(TARGET_NAME)";
			};
			name = Debug;
		};
		219418C31B43D747002328E3 /* Release */ = {
			isa = XCBuildConfiguration;
			buildSettings = {
				ASSETCATALOG_COMPILER_APPICON_NAME = AppIcon;
				INFOPLIST_FILE = "多级列表/Info.plist";
				LD_RUNPATH_SEARCH_PATHS = "$(inherited) @executable_path/Frameworks";
				PRODUCT_NAME = "$(TARGET_NAME)";
			};
			name = Release;
		};
		219418C51B43D747002328E3 /* Debug */ = {
			isa = XCBuildConfiguration;
			buildSettings = {
				BUNDLE_LOADER = "$(TEST_HOST)";
				FRAMEWORK_SEARCH_PATHS = (
					"$(SDKROOT)/Developer/Library/Frameworks",
					"$(inherited)",
				);
				GCC_PREPROCESSOR_DEFINITIONS = (
					"DEBUG=1",
					"$(inherited)",
				);
				INFOPLIST_FILE = "多级列表Tests/Info.plist";
				LD_RUNPATH_SEARCH_PATHS = "$(inherited) @executable_path/Frameworks @loader_path/Frameworks";
				PRODUCT_NAME = "$(TARGET_NAME)";
				TEST_HOST = "$(BUILT_PRODUCTS_DIR)/多级列表.app/多级列表";
			};
			name = Debug;
		};
		219418C61B43D747002328E3 /* Release */ = {
			isa = XCBuildConfiguration;
			buildSettings = {
				BUNDLE_LOADER = "$(TEST_HOST)";
				FRAMEWORK_SEARCH_PATHS = (
					"$(SDKROOT)/Developer/Library/Frameworks",
					"$(inherited)",
				);
				INFOPLIST_FILE = "多级列表Tests/Info.plist";
				LD_RUNPATH_SEARCH_PATHS = "$(inherited) @executable_path/Frameworks @loader_path/Frameworks";
				PRODUCT_NAME = "$(TARGET_NAME)";
				TEST_HOST = "$(BUILT_PRODUCTS_DIR)/多级列表.app/多级列表";
			};
			name = Release;
		};
/* End XCBuildConfiguration section */

/* Begin XCConfigurationList section */
		219418991B43D747002328E3 /* Build configuration list for PBXProject "多级列表" */ = {
			isa = XCConfigurationList;
			buildConfigurations = (
				219418BF1B43D747002328E3 /* Debug */,
				219418C01B43D747002328E3 /* Release */,
			);
			defaultConfigurationIsVisible = 0;
			defaultConfigurationName = Release;
		};
		219418C11B43D747002328E3 /* Build configuration list for PBXNativeTarget "多级列表" */ = {
			isa = XCConfigurationList;
			buildConfigurations = (
				219418C21B43D747002328E3 /* Debug */,
				219418C31B43D747002328E3 /* Release */,
			);
			defaultConfigurationIsVisible = 0;
			defaultConfigurationName = Release;
		};
		219418C41B43D747002328E3 /* Build configuration list for PBXNativeTarget "多级列表Tests" */ = {
			isa = XCConfigurationList;
			buildConfigurations = (
				219418C51B43D747002328E3 /* Debug */,
				219418C61B43D747002328E3 /* Release */,
			);
			defaultConfigurationIsVisible = 0;
			defaultConfigurationName = Release;
		};
/* End XCConfigurationList section */
	};
	rootObject = 219418961B43D747002328E3 /* Project object */;
}
